
Microsoft Visual Studio Solution File, Format Version 12.00
# Visual Studio Version 16
VisualStudioVersion = 16.0.29306.81
MinimumVisualStudioVersion = 10.0.40219.1
Project("{9A19103F-16F7-4668-BE54-9A1E7A4F7556}") = "ConsoleApp1", "ConsoleApp1\ConsoleApp1.csproj", "{A0B3BB30-3C16-4775-8C3F-8E20B72CA55E}"
EndProject
Project("{9A19103F-16F7-4668-BE54-9A1E7A4F7556}") = "3", "Chapter 3\3.csproj", "{E41B30E1-B619-4E7F-AF7E-5629855F3085}"
EndProject
Project("{9A19103F-16F7-4668-BE54-9A1E7A4F7556}") = "Chapter 4", "Chapter 4\Chapter 4.csproj", "{9C1E90A1-DDCC-475E-88C5-08EE3F6479E3}"
EndProject
Project("{2150E333-8FDC-42A3-9474-1A3956D46DE8}") = "Chapter 5", "Chapter 5", "{1AFDBDD7-1E5A-4943-8A83-9C8275D2D01D}"
EndProject
Project("{9A19103F-16F7-4668-BE54-9A1E7A4F7556}") = "5.3  泛型类的功能", "5.3  泛型类的功能\5.3  泛型类的功能.csproj", "{53051813-42F4-4F86-BED9-07CAFB7679A5}"
EndProject
Project("{9A19103F-16F7-4668-BE54-9A1E7A4F7556}") = "5.4  泛型接口", "5.4  泛型接口\5.4  泛型接口.csproj", "{2C691396-26BD-4195-8FB2-492ABCAF07D1}"
EndProject
Project("{2150E333-8FDC-42A3-9474-1A3956D46DE8}") = "Chapter 3", "Chapter 3", "{499E324B-D575-4821-814B-22E86922A285}"
EndProject
Project("{2150E333-8FDC-42A3-9474-1A3956D46DE8}") = "Chapter 4", "Chapter 4", "{70F55027-E523-45A7-BF32-028D17BEBFC8}"
EndProject
Project("{2150E333-8FDC-42A3-9474-1A3956D46DE8}") = "Chapter 2", "Chapter 2", "{63FCD86F-D068-40D6-9F9A-7418B6A2F785}"
EndProject
Project("{9A19103F-16F7-4668-BE54-9A1E7A4F7556}") = "5.5  泛型结构", "5.5  泛型结构\5.5  泛型结构.csproj", "{1A4A843B-A72A-42CF-8EB3-4D54FD9FC8B3}"
EndProject
Project("{9A19103F-16F7-4668-BE54-9A1E7A4F7556}") = "5.6  泛型方法", "5.6  泛型方法\5.6  泛型方法.csproj", "{F84D8A2E-13C5-4C68-83D5-A7CA9C35F934}"
EndProject
Project("{9A19103F-16F7-4668-BE54-9A1E7A4F7556}") = "5.6.4  泛型方法规范", "5.6.4  泛型方法规范\5.6.4  泛型方法规范.csproj", "{3CA55EAF-A292-4FD4-B77E-F93C97B6E050}"
EndProject
Project("{2150E333-8FDC-42A3-9474-1A3956D46DE8}") = "Chapter 6", "Chapter 6", "{A62D90CB-210C-4E4D-AC26-8E636CDD75A2}"
EndProject
Project("{9A19103F-16F7-4668-BE54-9A1E7A4F7556}") = "6.2  简单数组", "6.2  简单数组\6.2  简单数组.csproj", "{4E147320-49AF-4583-9BDB-EB3AC97A710D}"
EndProject
Project("{9A19103F-16F7-4668-BE54-9A1E7A4F7556}") = "6.3  多维数组", "6.3  多维数组\6.3  多维数组.csproj", "{DF66E2AC-33E6-4332-BA6B-B5E8F5525232}"
EndProject
Project("{9A19103F-16F7-4668-BE54-9A1E7A4F7556}") = "6.4  锯齿数组", "6.4  锯齿数组\6.4  锯齿数组.csproj", "{C62512E7-875E-424A-A6B6-ABCBC109A4F3}"
EndProject
Project("{9A19103F-16F7-4668-BE54-9A1E7A4F7556}") = "6.5  Array类", "6.5  Array类\6.5  Array类.csproj", "{BC4C4142-D7B7-4047-94CB-43163481922C}"
EndProject
Project("{9A19103F-16F7-4668-BE54-9A1E7A4F7556}") = "6.5.3  排序", "6.5.3  排序\6.5.3  排序.csproj", "{CA466FF8-58A5-4229-A9AD-ED515B28C801}"
EndProject
Project("{9A19103F-16F7-4668-BE54-9A1E7A4F7556}") = "6.6  数组作为参数", "6.6  数组作为参数\6.6  数组作为参数.csproj", "{6F94D447-3FB5-46B8-BACC-EC0E12484B0B}"
EndProject
Project("{9A19103F-16F7-4668-BE54-9A1E7A4F7556}") = "6.7  枚举", "6.7  枚举\6.7  枚举.csproj", "{4EFEDAD8-E35F-4A70-9B02-D56E34A75E39}"
EndProject
Project("{9A19103F-16F7-4668-BE54-9A1E7A4F7556}") = "6.8  元组", "6.8  元组\6.8  元组.csproj", "{0AE679E1-D129-441E-9931-92502CD7F63A}"
EndProject
Project("{9A19103F-16F7-4668-BE54-9A1E7A4F7556}") = "6.9  结构比较", "6.9  结构比较\6.9  结构比较.csproj", "{6888B0A0-4755-4FD8-B6A7-15B85A035466}"
EndProject
Project("{2150E333-8FDC-42A3-9474-1A3956D46DE8}") = "Chapter 7", "Chapter 7", "{E94232F1-5227-4CD2-A655-E23A7E18F2A2}"
EndProject
Project("{9A19103F-16F7-4668-BE54-9A1E7A4F7556}") = "7.2  运算符", "7.2  运算符\7.2  运算符.csproj", "{3413DA3D-1F7C-4FE4-A61E-2248C0907A5C}"
EndProject
Project("{9A19103F-16F7-4668-BE54-9A1E7A4F7556}") = "7.3  类型的安全性", "7.3  类型的安全性\7.3  类型的安全性.csproj", "{D0682088-48BB-4A42-9318-EED5FBF54FCE}"
EndProject
Project("{9A19103F-16F7-4668-BE54-9A1E7A4F7556}") = "7.4  比较对象的相等性", "7.4  比较对象的相等性\7.4  比较对象的相等性.csproj", "{029F5477-0D8D-45CA-BCDC-ADCFB4067CA8}"
EndProject
Project("{9A19103F-16F7-4668-BE54-9A1E7A4F7556}") = "7.5  运算符重载", "7.5  运算符重载\7.5  运算符重载.csproj", "{7C5065FD-4215-41D4-A294-151C230F67DC}"
EndProject
Project("{9A19103F-16F7-4668-BE54-9A1E7A4F7556}") = "7.6  用户定义的类型强制转换", "7.6  用户定义的类型强制转换\7.6  用户定义的类型强制转换.csproj", "{04A0AC04-B64C-4926-9C51-1731A5E6C551}"
EndProject
Project("{2150E333-8FDC-42A3-9474-1A3956D46DE8}") = "Chapter 8", "Chapter 8", "{3BABFDD6-9279-431E-AE9D-315A3B8FB119}"
EndProject
Project("{9A19103F-16F7-4668-BE54-9A1E7A4F7556}") = "8.2  委托", "8.2  委托\8.2  委托.csproj", "{A6F092B4-7CC9-4F18-BCBE-24846EB6690E}"
EndProject
Project("{9A19103F-16F7-4668-BE54-9A1E7A4F7556}") = "8.2.3  简单的委托示例", "ConsoleApp2\8.2.3  简单的委托示例.csproj", "{4FA384ED-3E7D-406E-9EB9-DDA63D5311DF}"
EndProject
Project("{9A19103F-16F7-4668-BE54-9A1E7A4F7556}") = "8.2.5  BubbleSorter示例", "8.2.5  BubbleSorter示例\8.2.5  BubbleSorter示例.csproj", "{045F60AF-4CA7-4ECF-BCC9-A4ED753A4294}"
EndProject
Project("{9A19103F-16F7-4668-BE54-9A1E7A4F7556}") = "8.2.6  多播委托", "8.2.6  多播委托\8.2.6  多播委托.csproj", "{E8FC1A61-3093-4560-8B4D-9CED1D1DB591}"
EndProject
Project("{9A19103F-16F7-4668-BE54-9A1E7A4F7556}") = "8.2.7  匿名方法", "8.2.7  匿名方法\8.2.7  匿名方法.csproj", "{6EEB5615-B64A-4B16-A0C9-7376401625B6}"
EndProject
Project("{9A19103F-16F7-4668-BE54-9A1E7A4F7556}") = "8.3  lambda表达式", "8.3  lambda表达式\8.3  lambda表达式.csproj", "{7642EDF2-0CA8-4052-A502-045DFCCFBCFE}"
EndProject
Project("{9A19103F-16F7-4668-BE54-9A1E7A4F7556}") = "8.4  事件", "8.4  事件\8.4  事件.csproj", "{242A1D29-B184-4623-BDC0-702161CFC44A}"
EndProject
Project("{9A19103F-16F7-4668-BE54-9A1E7A4F7556}") = "8.4.3  弱事件", "8.4.3  弱事件\8.4.3  弱事件.csproj", "{BCC45F96-817C-43A1-9214-1FD3E32025F1}"
EndProject
Project("{2150E333-8FDC-42A3-9474-1A3956D46DE8}") = "Chapter 9", "Chapter 9", "{57F253E6-9330-4916-853E-7BC2451F44FF}"
EndProject
Project("{9A19103F-16F7-4668-BE54-9A1E7A4F7556}") = "9.1  System.String类", "9.1  System.String类\9.1  System.String类.csproj", "{FC1636EE-3748-495B-AE10-7C78D314443A}"
EndProject
Project("{9A19103F-16F7-4668-BE54-9A1E7A4F7556}") = "9.2  正则表达式", "9.2  正则表达式\9.2  正则表达式.csproj", "{66FF1FF5-20BE-448E-92DE-67BC16648D87}"
EndProject
Project("{2150E333-8FDC-42A3-9474-1A3956D46DE8}") = "Chapter 10", "Chapter 10", "{9EE3A71D-3FE7-4DF5-BAA4-4E778643151A}"
EndProject
Project("{FAE04EC0-301F-11D3-BF4B-00C04F79EFBC}") = "10.3  列表", "10.3  列表\10.3  列表.csproj", "{B3A5F791-ED66-4A14-A5E0-1EC6997BAED3}"
EndProject
Project("{FAE04EC0-301F-11D3-BF4B-00C04F79EFBC}") = "10.4  队列", "10.4  队列\10.4  队列.csproj", "{C47F918A-6C9E-4D03-8F6F-1D70A1F7D5F4}"
EndProject
Project("{FAE04EC0-301F-11D3-BF4B-00C04F79EFBC}") = "10.5  栈", "10.5  栈\10.5  栈.csproj", "{F7C59966-5BD1-4AEF-802E-3E48F1B10AB7}"
EndProject
Global
	GlobalSection(SolutionConfigurationPlatforms) = preSolution
		Debug|Any CPU = Debug|Any CPU
		Release|Any CPU = Release|Any CPU
	EndGlobalSection
	GlobalSection(ProjectConfigurationPlatforms) = postSolution
		{A0B3BB30-3C16-4775-8C3F-8E20B72CA55E}.Debug|Any CPU.ActiveCfg = Debug|Any CPU
		{A0B3BB30-3C16-4775-8C3F-8E20B72CA55E}.Debug|Any CPU.Build.0 = Debug|Any CPU
		{A0B3BB30-3C16-4775-8C3F-8E20B72CA55E}.Release|Any CPU.ActiveCfg = Release|Any CPU
		{A0B3BB30-3C16-4775-8C3F-8E20B72CA55E}.Release|Any CPU.Build.0 = Release|Any CPU
		{E41B30E1-B619-4E7F-AF7E-5629855F3085}.Debug|Any CPU.ActiveCfg = Debug|Any CPU
		{E41B30E1-B619-4E7F-AF7E-5629855F3085}.Debug|Any CPU.Build.0 = Debug|Any CPU
		{E41B30E1-B619-4E7F-AF7E-5629855F3085}.Release|Any CPU.ActiveCfg = Release|Any CPU
		{E41B30E1-B619-4E7F-AF7E-5629855F3085}.Release|Any CPU.Build.0 = Release|Any CPU
		{9C1E90A1-DDCC-475E-88C5-08EE3F6479E3}.Debug|Any CPU.ActiveCfg = Debug|Any CPU
		{9C1E90A1-DDCC-475E-88C5-08EE3F6479E3}.Debug|Any CPU.Build.0 = Debug|Any CPU
		{9C1E90A1-DDCC-475E-88C5-08EE3F6479E3}.Release|Any CPU.ActiveCfg = Release|Any CPU
		{9C1E90A1-DDCC-475E-88C5-08EE3F6479E3}.Release|Any CPU.Build.0 = Release|Any CPU
		{53051813-42F4-4F86-BED9-07CAFB7679A5}.Debug|Any CPU.ActiveCfg = Debug|Any CPU
		{53051813-42F4-4F86-BED9-07CAFB7679A5}.Debug|Any CPU.Build.0 = Debug|Any CPU
		{53051813-42F4-4F86-BED9-07CAFB7679A5}.Release|Any CPU.ActiveCfg = Release|Any CPU
		{53051813-42F4-4F86-BED9-07CAFB7679A5}.Release|Any CPU.Build.0 = Release|Any CPU
		{2C691396-26BD-4195-8FB2-492ABCAF07D1}.Debug|Any CPU.ActiveCfg = Debug|Any CPU
		{2C691396-26BD-4195-8FB2-492ABCAF07D1}.Debug|Any CPU.Build.0 = Debug|Any CPU
		{2C691396-26BD-4195-8FB2-492ABCAF07D1}.Release|Any CPU.ActiveCfg = Release|Any CPU
		{2C691396-26BD-4195-8FB2-492ABCAF07D1}.Release|Any CPU.Build.0 = Release|Any CPU
		{1A4A843B-A72A-42CF-8EB3-4D54FD9FC8B3}.Debug|Any CPU.ActiveCfg = Debug|Any CPU
		{1A4A843B-A72A-42CF-8EB3-4D54FD9FC8B3}.Debug|Any CPU.Build.0 = Debug|Any CPU
		{1A4A843B-A72A-42CF-8EB3-4D54FD9FC8B3}.Release|Any CPU.ActiveCfg = Release|Any CPU
		{1A4A843B-A72A-42CF-8EB3-4D54FD9FC8B3}.Release|Any CPU.Build.0 = Release|Any CPU
		{F84D8A2E-13C5-4C68-83D5-A7CA9C35F934}.Debug|Any CPU.ActiveCfg = Debug|Any CPU
		{F84D8A2E-13C5-4C68-83D5-A7CA9C35F934}.Debug|Any CPU.Build.0 = Debug|Any CPU
		{F84D8A2E-13C5-4C68-83D5-A7CA9C35F934}.Release|Any CPU.ActiveCfg = Release|Any CPU
		{F84D8A2E-13C5-4C68-83D5-A7CA9C35F934}.Release|Any CPU.Build.0 = Release|Any CPU
		{3CA55EAF-A292-4FD4-B77E-F93C97B6E050}.Debug|Any CPU.ActiveCfg = Debug|Any CPU
		{3CA55EAF-A292-4FD4-B77E-F93C97B6E050}.Debug|Any CPU.Build.0 = Debug|Any CPU
		{3CA55EAF-A292-4FD4-B77E-F93C97B6E050}.Release|Any CPU.ActiveCfg = Release|Any CPU
		{3CA55EAF-A292-4FD4-B77E-F93C97B6E050}.Release|Any CPU.Build.0 = Release|Any CPU
		{4E147320-49AF-4583-9BDB-EB3AC97A710D}.Debug|Any CPU.ActiveCfg = Debug|Any CPU
		{4E147320-49AF-4583-9BDB-EB3AC97A710D}.Debug|Any CPU.Build.0 = Debug|Any CPU
		{4E147320-49AF-4583-9BDB-EB3AC97A710D}.Release|Any CPU.ActiveCfg = Release|Any CPU
		{4E147320-49AF-4583-9BDB-EB3AC97A710D}.Release|Any CPU.Build.0 = Release|Any CPU
		{DF66E2AC-33E6-4332-BA6B-B5E8F5525232}.Debug|Any CPU.ActiveCfg = Debug|Any CPU
		{DF66E2AC-33E6-4332-BA6B-B5E8F5525232}.Debug|Any CPU.Build.0 = Debug|Any CPU
		{DF66E2AC-33E6-4332-BA6B-B5E8F5525232}.Release|Any CPU.ActiveCfg = Release|Any CPU
		{DF66E2AC-33E6-4332-BA6B-B5E8F5525232}.Release|Any CPU.Build.0 = Release|Any CPU
		{C62512E7-875E-424A-A6B6-ABCBC109A4F3}.Debug|Any CPU.ActiveCfg = Debug|Any CPU
		{C62512E7-875E-424A-A6B6-ABCBC109A4F3}.Debug|Any CPU.Build.0 = Debug|Any CPU
		{C62512E7-875E-424A-A6B6-ABCBC109A4F3}.Release|Any CPU.ActiveCfg = Release|Any CPU
		{C62512E7-875E-424A-A6B6-ABCBC109A4F3}.Release|Any CPU.Build.0 = Release|Any CPU
		{BC4C4142-D7B7-4047-94CB-43163481922C}.Debug|Any CPU.ActiveCfg = Debug|Any CPU
		{BC4C4142-D7B7-4047-94CB-43163481922C}.Debug|Any CPU.Build.0 = Debug|Any CPU
		{BC4C4142-D7B7-4047-94CB-43163481922C}.Release|Any CPU.ActiveCfg = Release|Any CPU
		{BC4C4142-D7B7-4047-94CB-43163481922C}.Release|Any CPU.Build.0 = Release|Any CPU
		{CA466FF8-58A5-4229-A9AD-ED515B28C801}.Debug|Any CPU.ActiveCfg = Debug|Any CPU
		{CA466FF8-58A5-4229-A9AD-ED515B28C801}.Debug|Any CPU.Build.0 = Debug|Any CPU
		{CA466FF8-58A5-4229-A9AD-ED515B28C801}.Release|Any CPU.ActiveCfg = Release|Any CPU
		{CA466FF8-58A5-4229-A9AD-ED515B28C801}.Release|Any CPU.Build.0 = Release|Any CPU
		{6F94D447-3FB5-46B8-BACC-EC0E12484B0B}.Debug|Any CPU.ActiveCfg = Debug|Any CPU
		{6F94D447-3FB5-46B8-BACC-EC0E12484B0B}.Debug|Any CPU.Build.0 = Debug|Any CPU
		{6F94D447-3FB5-46B8-BACC-EC0E12484B0B}.Release|Any CPU.ActiveCfg = Release|Any CPU
		{6F94D447-3FB5-46B8-BACC-EC0E12484B0B}.Release|Any CPU.Build.0 = Release|Any CPU
		{4EFEDAD8-E35F-4A70-9B02-D56E34A75E39}.Debug|Any CPU.ActiveCfg = Debug|Any CPU
		{4EFEDAD8-E35F-4A70-9B02-D56E34A75E39}.Debug|Any CPU.Build.0 = Debug|Any CPU
		{4EFEDAD8-E35F-4A70-9B02-D56E34A75E39}.Release|Any CPU.ActiveCfg = Release|Any CPU
		{4EFEDAD8-E35F-4A70-9B02-D56E34A75E39}.Release|Any CPU.Build.0 = Release|Any CPU
		{0AE679E1-D129-441E-9931-92502CD7F63A}.Debug|Any CPU.ActiveCfg = Debug|Any CPU
		{0AE679E1-D129-441E-9931-92502CD7F63A}.Debug|Any CPU.Build.0 = Debug|Any CPU
		{0AE679E1-D129-441E-9931-92502CD7F63A}.Release|Any CPU.ActiveCfg = Release|Any CPU
		{0AE679E1-D129-441E-9931-92502CD7F63A}.Release|Any CPU.Build.0 = Release|Any CPU
		{6888B0A0-4755-4FD8-B6A7-15B85A035466}.Debug|Any CPU.ActiveCfg = Debug|Any CPU
		{6888B0A0-4755-4FD8-B6A7-15B85A035466}.Debug|Any CPU.Build.0 = Debug|Any CPU
		{6888B0A0-4755-4FD8-B6A7-15B85A035466}.Release|Any CPU.ActiveCfg = Release|Any CPU
		{6888B0A0-4755-4FD8-B6A7-15B85A035466}.Release|Any CPU.Build.0 = Release|Any CPU
		{3413DA3D-1F7C-4FE4-A61E-2248C0907A5C}.Debug|Any CPU.ActiveCfg = Debug|Any CPU
		{3413DA3D-1F7C-4FE4-A61E-2248C0907A5C}.Debug|Any CPU.Build.0 = Debug|Any CPU
		{3413DA3D-1F7C-4FE4-A61E-2248C0907A5C}.Release|Any CPU.ActiveCfg = Release|Any CPU
		{3413DA3D-1F7C-4FE4-A61E-2248C0907A5C}.Release|Any CPU.Build.0 = Release|Any CPU
		{D0682088-48BB-4A42-9318-EED5FBF54FCE}.Debug|Any CPU.ActiveCfg = Debug|Any CPU
		{D0682088-48BB-4A42-9318-EED5FBF54FCE}.Debug|Any CPU.Build.0 = Debug|Any CPU
		{D0682088-48BB-4A42-9318-EED5FBF54FCE}.Release|Any CPU.ActiveCfg = Release|Any CPU
		{D0682088-48BB-4A42-9318-EED5FBF54FCE}.Release|Any CPU.Build.0 = Release|Any CPU
		{029F5477-0D8D-45CA-BCDC-ADCFB4067CA8}.Debug|Any CPU.ActiveCfg = Debug|Any CPU
		{029F5477-0D8D-45CA-BCDC-ADCFB4067CA8}.Debug|Any CPU.Build.0 = Debug|Any CPU
		{029F5477-0D8D-45CA-BCDC-ADCFB4067CA8}.Release|Any CPU.ActiveCfg = Release|Any CPU
		{029F5477-0D8D-45CA-BCDC-ADCFB4067CA8}.Release|Any CPU.Build.0 = Release|Any CPU
		{7C5065FD-4215-41D4-A294-151C230F67DC}.Debug|Any CPU.ActiveCfg = Debug|Any CPU
		{7C5065FD-4215-41D4-A294-151C230F67DC}.Debug|Any CPU.Build.0 = Debug|Any CPU
		{7C5065FD-4215-41D4-A294-151C230F67DC}.Release|Any CPU.ActiveCfg = Release|Any CPU
		{7C5065FD-4215-41D4-A294-151C230F67DC}.Release|Any CPU.Build.0 = Release|Any CPU
		{04A0AC04-B64C-4926-9C51-1731A5E6C551}.Debug|Any CPU.ActiveCfg = Debug|Any CPU
		{04A0AC04-B64C-4926-9C51-1731A5E6C551}.Debug|Any CPU.Build.0 = Debug|Any CPU
		{04A0AC04-B64C-4926-9C51-1731A5E6C551}.Release|Any CPU.ActiveCfg = Release|Any CPU
		{04A0AC04-B64C-4926-9C51-1731A5E6C551}.Release|Any CPU.Build.0 = Release|Any CPU
		{A6F092B4-7CC9-4F18-BCBE-24846EB6690E}.Debug|Any CPU.ActiveCfg = Debug|Any CPU
		{A6F092B4-7CC9-4F18-BCBE-24846EB6690E}.Debug|Any CPU.Build.0 = Debug|Any CPU
		{A6F092B4-7CC9-4F18-BCBE-24846EB6690E}.Release|Any CPU.ActiveCfg = Release|Any CPU
		{A6F092B4-7CC9-4F18-BCBE-24846EB6690E}.Release|Any CPU.Build.0 = Release|Any CPU
		{4FA384ED-3E7D-406E-9EB9-DDA63D5311DF}.Debug|Any CPU.ActiveCfg = Debug|Any CPU
		{4FA384ED-3E7D-406E-9EB9-DDA63D5311DF}.Debug|Any CPU.Build.0 = Debug|Any CPU
		{4FA384ED-3E7D-406E-9EB9-DDA63D5311DF}.Release|Any CPU.ActiveCfg = Release|Any CPU
		{4FA384ED-3E7D-406E-9EB9-DDA63D5311DF}.Release|Any CPU.Build.0 = Release|Any CPU
		{045F60AF-4CA7-4ECF-BCC9-A4ED753A4294}.Debug|Any CPU.ActiveCfg = Debug|Any CPU
		{045F60AF-4CA7-4ECF-BCC9-A4ED753A4294}.Debug|Any CPU.Build.0 = Debug|Any CPU
		{045F60AF-4CA7-4ECF-BCC9-A4ED753A4294}.Release|Any CPU.ActiveCfg = Release|Any CPU
		{045F60AF-4CA7-4ECF-BCC9-A4ED753A4294}.Release|Any CPU.Build.0 = Release|Any CPU
		{E8FC1A61-3093-4560-8B4D-9CED1D1DB591}.Debug|Any CPU.ActiveCfg = Debug|Any CPU
		{E8FC1A61-3093-4560-8B4D-9CED1D1DB591}.Debug|Any CPU.Build.0 = Debug|Any CPU
		{E8FC1A61-3093-4560-8B4D-9CED1D1DB591}.Release|Any CPU.ActiveCfg = Release|Any CPU
		{E8FC1A61-3093-4560-8B4D-9CED1D1DB591}.Release|Any CPU.Build.0 = Release|Any CPU
		{6EEB5615-B64A-4B16-A0C9-7376401625B6}.Debug|Any CPU.ActiveCfg = Debug|Any CPU
		{6EEB5615-B64A-4B16-A0C9-7376401625B6}.Debug|Any CPU.Build.0 = Debug|Any CPU
		{6EEB5615-B64A-4B16-A0C9-7376401625B6}.Release|Any CPU.ActiveCfg = Release|Any CPU
		{6EEB5615-B64A-4B16-A0C9-7376401625B6}.Release|Any CPU.Build.0 = Release|Any CPU
		{7642EDF2-0CA8-4052-A502-045DFCCFBCFE}.Debug|Any CPU.ActiveCfg = Debug|Any CPU
		{7642EDF2-0CA8-4052-A502-045DFCCFBCFE}.Debug|Any CPU.Build.0 = Debug|Any CPU
		{7642EDF2-0CA8-4052-A502-045DFCCFBCFE}.Release|Any CPU.ActiveCfg = Release|Any CPU
		{7642EDF2-0CA8-4052-A502-045DFCCFBCFE}.Release|Any CPU.Build.0 = Release|Any CPU
		{242A1D29-B184-4623-BDC0-702161CFC44A}.Debug|Any CPU.ActiveCfg = Debug|Any CPU
		{242A1D29-B184-4623-BDC0-702161CFC44A}.Debug|Any CPU.Build.0 = Debug|Any CPU
		{242A1D29-B184-4623-BDC0-702161CFC44A}.Release|Any CPU.ActiveCfg = Release|Any CPU
		{242A1D29-B184-4623-BDC0-702161CFC44A}.Release|Any CPU.Build.0 = Release|Any CPU
		{BCC45F96-817C-43A1-9214-1FD3E32025F1}.Debug|Any CPU.ActiveCfg = Debug|Any CPU
		{BCC45F96-817C-43A1-9214-1FD3E32025F1}.Debug|Any CPU.Build.0 = Debug|Any CPU
		{BCC45F96-817C-43A1-9214-1FD3E32025F1}.Release|Any CPU.ActiveCfg = Release|Any CPU
		{BCC45F96-817C-43A1-9214-1FD3E32025F1}.Release|Any CPU.Build.0 = Release|Any CPU
		{FC1636EE-3748-495B-AE10-7C78D314443A}.Debug|Any CPU.ActiveCfg = Debug|Any CPU
		{FC1636EE-3748-495B-AE10-7C78D314443A}.Debug|Any CPU.Build.0 = Debug|Any CPU
		{FC1636EE-3748-495B-AE10-7C78D314443A}.Release|Any CPU.ActiveCfg = Release|Any CPU
		{FC1636EE-3748-495B-AE10-7C78D314443A}.Release|Any CPU.Build.0 = Release|Any CPU
		{66FF1FF5-20BE-448E-92DE-67BC16648D87}.Debug|Any CPU.ActiveCfg = Debug|Any CPU
		{66FF1FF5-20BE-448E-92DE-67BC16648D87}.Debug|Any CPU.Build.0 = Debug|Any CPU
		{66FF1FF5-20BE-448E-92DE-67BC16648D87}.Release|Any CPU.ActiveCfg = Release|Any CPU
		{66FF1FF5-20BE-448E-92DE-67BC16648D87}.Release|Any CPU.Build.0 = Release|Any CPU
		{B3A5F791-ED66-4A14-A5E0-1EC6997BAED3}.Debug|Any CPU.ActiveCfg = Debug|Any CPU
		{B3A5F791-ED66-4A14-A5E0-1EC6997BAED3}.Debug|Any CPU.Build.0 = Debug|Any CPU
		{B3A5F791-ED66-4A14-A5E0-1EC6997BAED3}.Release|Any CPU.ActiveCfg = Release|Any CPU
		{B3A5F791-ED66-4A14-A5E0-1EC6997BAED3}.Release|Any CPU.Build.0 = Release|Any CPU
		{C47F918A-6C9E-4D03-8F6F-1D70A1F7D5F4}.Debug|Any CPU.ActiveCfg = Debug|Any CPU
		{C47F918A-6C9E-4D03-8F6F-1D70A1F7D5F4}.Debug|Any CPU.Build.0 = Debug|Any CPU
		{C47F918A-6C9E-4D03-8F6F-1D70A1F7D5F4}.Release|Any CPU.ActiveCfg = Release|Any CPU
		{C47F918A-6C9E-4D03-8F6F-1D70A1F7D5F4}.Release|Any CPU.Build.0 = Release|Any CPU
		{F7C59966-5BD1-4AEF-802E-3E48F1B10AB7}.Debug|Any CPU.ActiveCfg = Debug|Any CPU
		{F7C59966-5BD1-4AEF-802E-3E48F1B10AB7}.Debug|Any CPU.Build.0 = Debug|Any CPU
		{F7C59966-5BD1-4AEF-802E-3E48F1B10AB7}.Release|Any CPU.ActiveCfg = Release|Any CPU
		{F7C59966-5BD1-4AEF-802E-3E48F1B10AB7}.Release|Any CPU.Build.0 = Release|Any CPU
	EndGlobalSection
	GlobalSection(SolutionProperties) = preSolution
		HideSolutionNode = FALSE
	EndGlobalSection
	GlobalSection(NestedProjects) = preSolution
		{A0B3BB30-3C16-4775-8C3F-8E20B72CA55E} = {63FCD86F-D068-40D6-9F9A-7418B6A2F785}
		{E41B30E1-B619-4E7F-AF7E-5629855F3085} = {499E324B-D575-4821-814B-22E86922A285}
		{9C1E90A1-DDCC-475E-88C5-08EE3F6479E3} = {70F55027-E523-45A7-BF32-028D17BEBFC8}
		{53051813-42F4-4F86-BED9-07CAFB7679A5} = {1AFDBDD7-1E5A-4943-8A83-9C8275D2D01D}
		{2C691396-26BD-4195-8FB2-492ABCAF07D1} = {1AFDBDD7-1E5A-4943-8A83-9C8275D2D01D}
		{1A4A843B-A72A-42CF-8EB3-4D54FD9FC8B3} = {1AFDBDD7-1E5A-4943-8A83-9C8275D2D01D}
		{F84D8A2E-13C5-4C68-83D5-A7CA9C35F934} = {1AFDBDD7-1E5A-4943-8A83-9C8275D2D01D}
		{3CA55EAF-A292-4FD4-B77E-F93C97B6E050} = {1AFDBDD7-1E5A-4943-8A83-9C8275D2D01D}
		{4E147320-49AF-4583-9BDB-EB3AC97A710D} = {A62D90CB-210C-4E4D-AC26-8E636CDD75A2}
		{DF66E2AC-33E6-4332-BA6B-B5E8F5525232} = {A62D90CB-210C-4E4D-AC26-8E636CDD75A2}
		{C62512E7-875E-424A-A6B6-ABCBC109A4F3} = {A62D90CB-210C-4E4D-AC26-8E636CDD75A2}
		{BC4C4142-D7B7-4047-94CB-43163481922C} = {A62D90CB-210C-4E4D-AC26-8E636CDD75A2}
		{CA466FF8-58A5-4229-A9AD-ED515B28C801} = {A62D90CB-210C-4E4D-AC26-8E636CDD75A2}
		{6F94D447-3FB5-46B8-BACC-EC0E12484B0B} = {A62D90CB-210C-4E4D-AC26-8E636CDD75A2}
		{4EFEDAD8-E35F-4A70-9B02-D56E34A75E39} = {A62D90CB-210C-4E4D-AC26-8E636CDD75A2}
		{0AE679E1-D129-441E-9931-92502CD7F63A} = {A62D90CB-210C-4E4D-AC26-8E636CDD75A2}
		{6888B0A0-4755-4FD8-B6A7-15B85A035466} = {A62D90CB-210C-4E4D-AC26-8E636CDD75A2}
		{3413DA3D-1F7C-4FE4-A61E-2248C0907A5C} = {E94232F1-5227-4CD2-A655-E23A7E18F2A2}
		{D0682088-48BB-4A42-9318-EED5FBF54FCE} = {E94232F1-5227-4CD2-A655-E23A7E18F2A2}
		{029F5477-0D8D-45CA-BCDC-ADCFB4067CA8} = {E94232F1-5227-4CD2-A655-E23A7E18F2A2}
		{7C5065FD-4215-41D4-A294-151C230F67DC} = {E94232F1-5227-4CD2-A655-E23A7E18F2A2}
		{04A0AC04-B64C-4926-9C51-1731A5E6C551} = {E94232F1-5227-4CD2-A655-E23A7E18F2A2}
		{A6F092B4-7CC9-4F18-BCBE-24846EB6690E} = {3BABFDD6-9279-431E-AE9D-315A3B8FB119}
		{4FA384ED-3E7D-406E-9EB9-DDA63D5311DF} = {3BABFDD6-9279-431E-AE9D-315A3B8FB119}
		{045F60AF-4CA7-4ECF-BCC9-A4ED753A4294} = {3BABFDD6-9279-431E-AE9D-315A3B8FB119}
		{E8FC1A61-3093-4560-8B4D-9CED1D1DB591} = {3BABFDD6-9279-431E-AE9D-315A3B8FB119}
		{6EEB5615-B64A-4B16-A0C9-7376401625B6} = {3BABFDD6-9279-431E-AE9D-315A3B8FB119}
		{7642EDF2-0CA8-4052-A502-045DFCCFBCFE} = {3BABFDD6-9279-431E-AE9D-315A3B8FB119}
		{242A1D29-B184-4623-BDC0-702161CFC44A} = {3BABFDD6-9279-431E-AE9D-315A3B8FB119}
		{BCC45F96-817C-43A1-9214-1FD3E32025F1} = {3BABFDD6-9279-431E-AE9D-315A3B8FB119}
		{FC1636EE-3748-495B-AE10-7C78D314443A} = {57F253E6-9330-4916-853E-7BC2451F44FF}
		{66FF1FF5-20BE-448E-92DE-67BC16648D87} = {57F253E6-9330-4916-853E-7BC2451F44FF}
		{B3A5F791-ED66-4A14-A5E0-1EC6997BAED3} = {9EE3A71D-3FE7-4DF5-BAA4-4E778643151A}
		{C47F918A-6C9E-4D03-8F6F-1D70A1F7D5F4} = {9EE3A71D-3FE7-4DF5-BAA4-4E778643151A}
		{F7C59966-5BD1-4AEF-802E-3E48F1B10AB7} = {9EE3A71D-3FE7-4DF5-BAA4-4E778643151A}
	EndGlobalSection
	GlobalSection(ExtensibilityGlobals) = postSolution
		SolutionGuid = {08AA0AA9-85D7-49DB-A01C-63C4928E965C}
	EndGlobalSection
EndGlobal
