
Microsoft Visual Studio Solution File, Format Version 12.00
# Visual Studio Version 16
VisualStudioVersion = 16.0.29306.81
MinimumVisualStudioVersion = 10.0.40219.1
Project("{9A19103F-16F7-4668-BE54-9A1E7A4F7556}") = "ConsoleApp1", "ConsoleApp1\ConsoleApp1.csproj", "{A0B3BB30-3C16-4775-8C3F-8E20B72CA55E}"
EndProject
Project("{9A19103F-16F7-4668-BE54-9A1E7A4F7556}") = "3", "Chapter 3\3.csproj", "{E41B30E1-B619-4E7F-AF7E-5629855F3085}"
EndProject
Project("{9A19103F-16F7-4668-BE54-9A1E7A4F7556}") = "Chapter 4", "Chapter 4\Chapter 4.csproj", "{9C1E90A1-DDCC-475E-88C5-08EE3F6479E3}"
EndProject
Project("{2150E333-8FDC-42A3-9474-1A3956D46DE8}") = "Chapter 5", "Chapter 5", "{1AFDBDD7-1E5A-4943-8A83-9C8275D2D01D}"
EndProject
Project("{FAE04EC0-301F-11D3-BF4B-00C04F79EFBC}") = "5.3  泛型类的功能", "5.3  泛型类的功能\5.3  泛型类的功能.csproj", "{53051813-42F4-4F86-BED9-07CAFB7679A5}"
EndProject
Project("{FAE04EC0-301F-11D3-BF4B-00C04F79EFBC}") = "5.4  泛型接口", "5.4  泛型接口\5.4  泛型接口.csproj", "{2C691396-26BD-4195-8FB2-492ABCAF07D1}"
EndProject
Project("{2150E333-8FDC-42A3-9474-1A3956D46DE8}") = "Chapter 3", "Chapter 3", "{499E324B-D575-4821-814B-22E86922A285}"
EndProject
Project("{2150E333-8FDC-42A3-9474-1A3956D46DE8}") = "Chapter 4", "Chapter 4", "{70F55027-E523-45A7-BF32-028D17BEBFC8}"
EndProject
Project("{2150E333-8FDC-42A3-9474-1A3956D46DE8}") = "Chapter 2", "Chapter 2", "{63FCD86F-D068-40D6-9F9A-7418B6A2F785}"
EndProject
Global
	GlobalSection(SolutionConfigurationPlatforms) = preSolution
		Debug|Any CPU = Debug|Any CPU
		Release|Any CPU = Release|Any CPU
	EndGlobalSection
	GlobalSection(ProjectConfigurationPlatforms) = postSolution
		{A0B3BB30-3C16-4775-8C3F-8E20B72CA55E}.Debug|Any CPU.ActiveCfg = Debug|Any CPU
		{A0B3BB30-3C16-4775-8C3F-8E20B72CA55E}.Debug|Any CPU.Build.0 = Debug|Any CPU
		{A0B3BB30-3C16-4775-8C3F-8E20B72CA55E}.Release|Any CPU.ActiveCfg = Release|Any CPU
		{A0B3BB30-3C16-4775-8C3F-8E20B72CA55E}.Release|Any CPU.Build.0 = Release|Any CPU
		{E41B30E1-B619-4E7F-AF7E-5629855F3085}.Debug|Any CPU.ActiveCfg = Debug|Any CPU
		{E41B30E1-B619-4E7F-AF7E-5629855F3085}.Debug|Any CPU.Build.0 = Debug|Any CPU
		{E41B30E1-B619-4E7F-AF7E-5629855F3085}.Release|Any CPU.ActiveCfg = Release|Any CPU
		{E41B30E1-B619-4E7F-AF7E-5629855F3085}.Release|Any CPU.Build.0 = Release|Any CPU
		{9C1E90A1-DDCC-475E-88C5-08EE3F6479E3}.Debug|Any CPU.ActiveCfg = Debug|Any CPU
		{9C1E90A1-DDCC-475E-88C5-08EE3F6479E3}.Debug|Any CPU.Build.0 = Debug|Any CPU
		{9C1E90A1-DDCC-475E-88C5-08EE3F6479E3}.Release|Any CPU.ActiveCfg = Release|Any CPU
		{9C1E90A1-DDCC-475E-88C5-08EE3F6479E3}.Release|Any CPU.Build.0 = Release|Any CPU
		{53051813-42F4-4F86-BED9-07CAFB7679A5}.Debug|Any CPU.ActiveCfg = Debug|Any CPU
		{53051813-42F4-4F86-BED9-07CAFB7679A5}.Debug|Any CPU.Build.0 = Debug|Any CPU
		{53051813-42F4-4F86-BED9-07CAFB7679A5}.Release|Any CPU.ActiveCfg = Release|Any CPU
		{53051813-42F4-4F86-BED9-07CAFB7679A5}.Release|Any CPU.Build.0 = Release|Any CPU
		{2C691396-26BD-4195-8FB2-492ABCAF07D1}.Debug|Any CPU.ActiveCfg = Debug|Any CPU
		{2C691396-26BD-4195-8FB2-492ABCAF07D1}.Debug|Any CPU.Build.0 = Debug|Any CPU
		{2C691396-26BD-4195-8FB2-492ABCAF07D1}.Release|Any CPU.ActiveCfg = Release|Any CPU
		{2C691396-26BD-4195-8FB2-492ABCAF07D1}.Release|Any CPU.Build.0 = Release|Any CPU
	EndGlobalSection
	GlobalSection(SolutionProperties) = preSolution
		HideSolutionNode = FALSE
	EndGlobalSection
	GlobalSection(NestedProjects) = preSolution
		{A0B3BB30-3C16-4775-8C3F-8E20B72CA55E} = {63FCD86F-D068-40D6-9F9A-7418B6A2F785}
		{E41B30E1-B619-4E7F-AF7E-5629855F3085} = {499E324B-D575-4821-814B-22E86922A285}
		{9C1E90A1-DDCC-475E-88C5-08EE3F6479E3} = {70F55027-E523-45A7-BF32-028D17BEBFC8}
		{53051813-42F4-4F86-BED9-07CAFB7679A5} = {1AFDBDD7-1E5A-4943-8A83-9C8275D2D01D}
		{2C691396-26BD-4195-8FB2-492ABCAF07D1} = {1AFDBDD7-1E5A-4943-8A83-9C8275D2D01D}
	EndGlobalSection
	GlobalSection(ExtensibilityGlobals) = postSolution
		SolutionGuid = {08AA0AA9-85D7-49DB-A01C-63C4928E965C}
	EndGlobalSection
EndGlobal
